
Microsoft Visual Studio Solution File, Format Version 12.00
# Visual Studio Version 17
VisualStudioVersion = 17.6.33829.357
MinimumVisualStudioVersion = 10.0.40219.1
Project("{FAE04EC0-301F-11D3-BF4B-00C04F79EFBC}") = "DapperWithSP", "DapperWithSP\DapperWithSP.csproj", "{4073B33C-51BA-43B4-AA8B-4EDEB573D140}"
EndProject
Global
	GlobalSection(SolutionConfigurationPlatforms) = preSolution
		Debug|Any CPU = Debug|Any CPU
		Release|Any CPU = Release|Any CPU
	EndGlobalSection
	GlobalSection(ProjectConfigurationPlatforms) = postSolution
		{4073B33C-51BA-43B4-AA8B-4EDEB573D140}.Debug|Any CPU.ActiveCfg = Debug|Any CPU
		{4073B33C-51BA-43B4-AA8B-4EDEB573D140}.Debug|Any CPU.Build.0 = Debug|Any CPU
		{4073B33C-51BA-43B4-AA8B-4EDEB573D140}.Release|Any CPU.ActiveCfg = Release|Any CPU
		{4073B33C-51BA-43B4-AA8B-4EDEB573D140}.Release|Any CPU.Build.0 = Release|Any CPU
	EndGlobalSection
	GlobalSection(SolutionProperties) = preSolution
		HideSolutionNode = FALSE
	EndGlobalSection
	GlobalSection(ExtensibilityGlobals) = postSolution
		SolutionGuid = {5E53F0B0-D150-4CBB-8A5F-6F595437FB91}
	EndGlobalSection
EndGlobal
